
Microsoft Visual Studio Solution File, Format Version 12.00
# Visual Studio 2013
VisualStudioVersion = 12.0.40629.0
MinimumVisualStudioVersion = 10.0.40219.1
Project("{6141683F-8A12-4E36-9623-2EB02B2C2303}") = "MicroECM", "MicroECM\MicroECM.isproj", "{8B17737C-C12F-4A0D-B31D-E3758718252E}"
EndProject
Global
	GlobalSection(SolutionConfigurationPlatforms) = preSolution
		CD_ROM|Default = CD_ROM|Default
		DVD-5|Default = DVD-5|Default
		SingleImage|Default = SingleImage|Default
	EndGlobalSection
	GlobalSection(ProjectConfigurationPlatforms) = postSolution
		{8B17737C-C12F-4A0D-B31D-E3758718252E}.CD_ROM|Default.ActiveCfg = SingleImage
		{8B17737C-C12F-4A0D-B31D-E3758718252E}.CD_ROM|Default.Build.0 = SingleImage
		{8B17737C-C12F-4A0D-B31D-E3758718252E}.DVD-5|Default.ActiveCfg = DVD-5
		{8B17737C-C12F-4A0D-B31D-E3758718252E}.DVD-5|Default.Build.0 = DVD-5
		{8B17737C-C12F-4A0D-B31D-E3758718252E}.SingleImage|Default.ActiveCfg = SingleImage
		{8B17737C-C12F-4A0D-B31D-E3758718252E}.SingleImage|Default.Build.0 = SingleImage
	EndGlobalSection
	GlobalSection(SolutionProperties) = preSolution
		HideSolutionNode = FALSE
	EndGlobalSection
EndGlobal
